
Microsoft Visual Studio Solution File, Format Version 12.00
# Visual Studio 15
VisualStudioVersion = 15.0.28010.2003
MinimumVisualStudioVersion = 10.0.40219.1
Project("{FAE04EC0-301F-11D3-BF4B-00C04F79EFBC}") = "main_app", "NegativeImage\main_app.csproj", "{05A08A14-291A-485E-A586-7068B50CB3DB}"
EndProject
Project("{FAE04EC0-301F-11D3-BF4B-00C04F79EFBC}") = "SuavityImage", "..\虚化\SuavityImage\SuavityImage.csproj", "{4FA6A862-D3CC-4DCB-939C-35EAC914707A}"
EndProject
Project("{FAE04EC0-301F-11D3-BF4B-00C04F79EFBC}") = "ImageGrain", "..\纹理\ImageGrain\ImageGrain.csproj", "{CA51DDAC-96C9-4131-BEDB-2FC0E93E9FEC}"
EndProject
Project("{FAE04EC0-301F-11D3-BF4B-00C04F79EFBC}") = "Mosaic", "..\马赛克\Mosaic\Mosaic.csproj", "{5FCE8E42-CE22-41DE-9F5E-DD3C3F7F1E36}"
EndProject
Project("{FAE04EC0-301F-11D3-BF4B-00C04F79EFBC}") = "jietu", "..\全屏截图\全屏截图\jietu.csproj", "{DFAEC186-94B0-4F37-AEBE-810699D067DD}"
EndProject
Project("{FAE04EC0-301F-11D3-BF4B-00C04F79EFBC}") = "_SCREEN_CAPTURE", "..\截图\_SCREEN_CAPTURE_TOOL\_SCREEN_CAPTURE\_SCREEN_CAPTURE.csproj", "{9786F3B5-866B-4B93-93A5-AC2379C92657}"
EndProject
Global
	GlobalSection(SolutionConfigurationPlatforms) = preSolution
		Debug|Any CPU = Debug|Any CPU
		Debug|x64 = Debug|x64
		Debug|x86 = Debug|x86
		Release|Any CPU = Release|Any CPU
		Release|x64 = Release|x64
		Release|x86 = Release|x86
	EndGlobalSection
	GlobalSection(ProjectConfigurationPlatforms) = postSolution
		{05A08A14-291A-485E-A586-7068B50CB3DB}.Debug|Any CPU.ActiveCfg = Debug|Any CPU
		{05A08A14-291A-485E-A586-7068B50CB3DB}.Debug|Any CPU.Build.0 = Debug|Any CPU
		{05A08A14-291A-485E-A586-7068B50CB3DB}.Debug|x64.ActiveCfg = Debug|Any CPU
		{05A08A14-291A-485E-A586-7068B50CB3DB}.Debug|x64.Build.0 = Debug|Any CPU
		{05A08A14-291A-485E-A586-7068B50CB3DB}.Debug|x86.ActiveCfg = Debug|Any CPU
		{05A08A14-291A-485E-A586-7068B50CB3DB}.Debug|x86.Build.0 = Debug|Any CPU
		{05A08A14-291A-485E-A586-7068B50CB3DB}.Release|Any CPU.ActiveCfg = Release|Any CPU
		{05A08A14-291A-485E-A586-7068B50CB3DB}.Release|Any CPU.Build.0 = Release|Any CPU
		{05A08A14-291A-485E-A586-7068B50CB3DB}.Release|x64.ActiveCfg = Release|Any CPU
		{05A08A14-291A-485E-A586-7068B50CB3DB}.Release|x64.Build.0 = Release|Any CPU
		{05A08A14-291A-485E-A586-7068B50CB3DB}.Release|x86.ActiveCfg = Release|Any CPU
		{05A08A14-291A-485E-A586-7068B50CB3DB}.Release|x86.Build.0 = Release|Any CPU
		{4FA6A862-D3CC-4DCB-939C-35EAC914707A}.Debug|Any CPU.ActiveCfg = Debug|Any CPU
		{4FA6A862-D3CC-4DCB-939C-35EAC914707A}.Debug|Any CPU.Build.0 = Debug|Any CPU
		{4FA6A862-D3CC-4DCB-939C-35EAC914707A}.Debug|x64.ActiveCfg = Debug|Any CPU
		{4FA6A862-D3CC-4DCB-939C-35EAC914707A}.Debug|x64.Build.0 = Debug|Any CPU
		{4FA6A862-D3CC-4DCB-939C-35EAC914707A}.Debug|x86.ActiveCfg = Debug|Any CPU
		{4FA6A862-D3CC-4DCB-939C-35EAC914707A}.Debug|x86.Build.0 = Debug|Any CPU
		{4FA6A862-D3CC-4DCB-939C-35EAC914707A}.Release|Any CPU.ActiveCfg = Release|Any CPU
		{4FA6A862-D3CC-4DCB-939C-35EAC914707A}.Release|Any CPU.Build.0 = Release|Any CPU
		{4FA6A862-D3CC-4DCB-939C-35EAC914707A}.Release|x64.ActiveCfg = Release|Any CPU
		{4FA6A862-D3CC-4DCB-939C-35EAC914707A}.Release|x64.Build.0 = Release|Any CPU
		{4FA6A862-D3CC-4DCB-939C-35EAC914707A}.Release|x86.ActiveCfg = Release|Any CPU
		{4FA6A862-D3CC-4DCB-939C-35EAC914707A}.Release|x86.Build.0 = Release|Any CPU
		{CA51DDAC-96C9-4131-BEDB-2FC0E93E9FEC}.Debug|Any CPU.ActiveCfg = Debug|Any CPU
		{CA51DDAC-96C9-4131-BEDB-2FC0E93E9FEC}.Debug|Any CPU.Build.0 = Debug|Any CPU
		{CA51DDAC-96C9-4131-BEDB-2FC0E93E9FEC}.Debug|x64.ActiveCfg = Debug|Any CPU
		{CA51DDAC-96C9-4131-BEDB-2FC0E93E9FEC}.Debug|x64.Build.0 = Debug|Any CPU
		{CA51DDAC-96C9-4131-BEDB-2FC0E93E9FEC}.Debug|x86.ActiveCfg = Debug|Any CPU
		{CA51DDAC-96C9-4131-BEDB-2FC0E93E9FEC}.Debug|x86.Build.0 = Debug|Any CPU
		{CA51DDAC-96C9-4131-BEDB-2FC0E93E9FEC}.Release|Any CPU.ActiveCfg = Release|Any CPU
		{CA51DDAC-96C9-4131-BEDB-2FC0E93E9FEC}.Release|Any CPU.Build.0 = Release|Any CPU
		{CA51DDAC-96C9-4131-BEDB-2FC0E93E9FEC}.Release|x64.ActiveCfg = Release|Any CPU
		{CA51DDAC-96C9-4131-BEDB-2FC0E93E9FEC}.Release|x64.Build.0 = Release|Any CPU
		{CA51DDAC-96C9-4131-BEDB-2FC0E93E9FEC}.Release|x86.ActiveCfg = Release|Any CPU
		{CA51DDAC-96C9-4131-BEDB-2FC0E93E9FEC}.Release|x86.Build.0 = Release|Any CPU
		{5FCE8E42-CE22-41DE-9F5E-DD3C3F7F1E36}.Debug|Any CPU.ActiveCfg = Debug|Any CPU
		{5FCE8E42-CE22-41DE-9F5E-DD3C3F7F1E36}.Debug|Any CPU.Build.0 = Debug|Any CPU
		{5FCE8E42-CE22-41DE-9F5E-DD3C3F7F1E36}.Debug|x64.ActiveCfg = Debug|Any CPU
		{5FCE8E42-CE22-41DE-9F5E-DD3C3F7F1E36}.Debug|x64.Build.0 = Debug|Any CPU
		{5FCE8E42-CE22-41DE-9F5E-DD3C3F7F1E36}.Debug|x86.ActiveCfg = Debug|Any CPU
		{5FCE8E42-CE22-41DE-9F5E-DD3C3F7F1E36}.Debug|x86.Build.0 = Debug|Any CPU
		{5FCE8E42-CE22-41DE-9F5E-DD3C3F7F1E36}.Release|Any CPU.ActiveCfg = Release|Any CPU
		{5FCE8E42-CE22-41DE-9F5E-DD3C3F7F1E36}.Release|Any CPU.Build.0 = Release|Any CPU
		{5FCE8E42-CE22-41DE-9F5E-DD3C3F7F1E36}.Release|x64.ActiveCfg = Release|Any CPU
		{5FCE8E42-CE22-41DE-9F5E-DD3C3F7F1E36}.Release|x64.Build.0 = Release|Any CPU
		{5FCE8E42-CE22-41DE-9F5E-DD3C3F7F1E36}.Release|x86.ActiveCfg = Release|Any CPU
		{5FCE8E42-CE22-41DE-9F5E-DD3C3F7F1E36}.Release|x86.Build.0 = Release|Any CPU
		{DFAEC186-94B0-4F37-AEBE-810699D067DD}.Debug|Any CPU.ActiveCfg = Debug|Any CPU
		{DFAEC186-94B0-4F37-AEBE-810699D067DD}.Debug|Any CPU.Build.0 = Debug|Any CPU
		{DFAEC186-94B0-4F37-AEBE-810699D067DD}.Debug|x64.ActiveCfg = Debug|Any CPU
		{DFAEC186-94B0-4F37-AEBE-810699D067DD}.Debug|x64.Build.0 = Debug|Any CPU
		{DFAEC186-94B0-4F37-AEBE-810699D067DD}.Debug|x86.ActiveCfg = Debug|Any CPU
		{DFAEC186-94B0-4F37-AEBE-810699D067DD}.Debug|x86.Build.0 = Debug|Any CPU
		{DFAEC186-94B0-4F37-AEBE-810699D067DD}.Release|Any CPU.ActiveCfg = Release|Any CPU
		{DFAEC186-94B0-4F37-AEBE-810699D067DD}.Release|Any CPU.Build.0 = Release|Any CPU
		{DFAEC186-94B0-4F37-AEBE-810699D067DD}.Release|x64.ActiveCfg = Release|Any CPU
		{DFAEC186-94B0-4F37-AEBE-810699D067DD}.Release|x64.Build.0 = Release|Any CPU
		{DFAEC186-94B0-4F37-AEBE-810699D067DD}.Release|x86.ActiveCfg = Release|Any CPU
		{DFAEC186-94B0-4F37-AEBE-810699D067DD}.Release|x86.Build.0 = Release|Any CPU
		{9786F3B5-866B-4B93-93A5-AC2379C92657}.Debug|Any CPU.ActiveCfg = Debug|Any CPU
		{9786F3B5-866B-4B93-93A5-AC2379C92657}.Debug|Any CPU.Build.0 = Debug|Any CPU
		{9786F3B5-866B-4B93-93A5-AC2379C92657}.Debug|x64.ActiveCfg = Debug|Any CPU
		{9786F3B5-866B-4B93-93A5-AC2379C92657}.Debug|x64.Build.0 = Debug|Any CPU
		{9786F3B5-866B-4B93-93A5-AC2379C92657}.Debug|x86.ActiveCfg = Debug|Any CPU
		{9786F3B5-866B-4B93-93A5-AC2379C92657}.Debug|x86.Build.0 = Debug|Any CPU
		{9786F3B5-866B-4B93-93A5-AC2379C92657}.Release|Any CPU.ActiveCfg = Release|Any CPU
		{9786F3B5-866B-4B93-93A5-AC2379C92657}.Release|Any CPU.Build.0 = Release|Any CPU
		{9786F3B5-866B-4B93-93A5-AC2379C92657}.Release|x64.ActiveCfg = Release|Any CPU
		{9786F3B5-866B-4B93-93A5-AC2379C92657}.Release|x64.Build.0 = Release|Any CPU
		{9786F3B5-866B-4B93-93A5-AC2379C92657}.Release|x86.ActiveCfg = Release|Any CPU
		{9786F3B5-866B-4B93-93A5-AC2379C92657}.Release|x86.Build.0 = Release|Any CPU
	EndGlobalSection
	GlobalSection(SolutionProperties) = preSolution
		HideSolutionNode = FALSE
	EndGlobalSection
	GlobalSection(ExtensibilityGlobals) = postSolution
		SolutionGuid = {ABEFF8B3-2762-4156-86B4-9F6BD2D6092A}
	EndGlobalSection
EndGlobal
